
Microsoft Visual Studio Solution File, Format Version 12.00
# Visual Studio Version 16
VisualStudioVersion = 16.0.31702.278
MinimumVisualStudioVersion = 10.0.40219.1
Project("{888888A0-9F3D-457C-B088-3A5042F75D52}") = "ExerciciosCursoEmVideo", "ExerciciosCursoEmVideo.pyproj", "{80AAF5E9-EBC5-4DF4-9DE6-FEB0CD4125FC}"
EndProject
Global
	GlobalSection(SolutionConfigurationPlatforms) = preSolution
		Debug|Any CPU = Debug|Any CPU
		Release|Any CPU = Release|Any CPU
	EndGlobalSection
	GlobalSection(ProjectConfigurationPlatforms) = postSolution
		{80AAF5E9-EBC5-4DF4-9DE6-FEB0CD4125FC}.Debug|Any CPU.ActiveCfg = Debug|Any CPU
		{80AAF5E9-EBC5-4DF4-9DE6-FEB0CD4125FC}.Release|Any CPU.ActiveCfg = Release|Any CPU
	EndGlobalSection
	GlobalSection(SolutionProperties) = preSolution
		HideSolutionNode = FALSE
	EndGlobalSection
	GlobalSection(ExtensibilityGlobals) = postSolution
		SolutionGuid = {6D217546-1E11-4032-A156-B800C1DD2FC1}
	EndGlobalSection
EndGlobal
